
Microsoft Visual Studio Solution File, Format Version 12.00
# Visual Studio 2012
Project("{FAE04EC0-301F-11D3-BF4B-00C04F79EFBC}") = "StateSpaceSandbox", "StateSpaceSandbox\StateSpaceSandbox.csproj", "{CBF6B605-EF5C-46C2-9DA8-B9D44231E0D9}"
EndProject
Global
	GlobalSection(SolutionConfigurationPlatforms) = preSolution
		Debug|Any CPU = Debug|Any CPU
		Release|Any CPU = Release|Any CPU
	EndGlobalSection
	GlobalSection(ProjectConfigurationPlatforms) = postSolution
		{CBF6B605-EF5C-46C2-9DA8-B9D44231E0D9}.Debug|Any CPU.ActiveCfg = Debug|Any CPU
		{CBF6B605-EF5C-46C2-9DA8-B9D44231E0D9}.Debug|Any CPU.Build.0 = Debug|Any CPU
		{CBF6B605-EF5C-46C2-9DA8-B9D44231E0D9}.Release|Any CPU.ActiveCfg = Release|Any CPU
		{CBF6B605-EF5C-46C2-9DA8-B9D44231E0D9}.Release|Any CPU.Build.0 = Release|Any CPU
	EndGlobalSection
	GlobalSection(SolutionProperties) = preSolution
		HideSolutionNode = FALSE
	EndGlobalSection
EndGlobal
